// !$*UTF8*$!
{
	archiveVersion = 1;
	classes = {
	};
	objectVersion = 56;
	objects = {

/* Begin PBXBuildFile section */
		BF2B6B712C5091C7001D6464 /* test.cpp in Sources */ = {isa = PBXBuildFile; fileRef = BF2B6B702C5091C7001D6464 /* test.cpp */; };
		BF2B6B732C50925A001D6464 /* Cocoa.framework in Frameworks */ = {isa = PBXBuildFile; fileRef = BF2B6B722C50925A001D6464 /* Cocoa.framework */; };
		BF2B6B752C50926E001D6464 /* MetalKit.framework in Frameworks */ = {isa = PBXBuildFile; fileRef = BF2B6B742C50926E001D6464 /* MetalKit.framework */; };
		BF2B6B792C5092E6001D6464 /* main.mm in Sources */ = {isa = PBXBuildFile; fileRef = BF2B6B782C5092E6001D6464 /* main.mm */; };
		BF2B6B8A2C5AF695001D6464 /* MetalRenderer.cpp in Sources */ = {isa = PBXBuildFile; fileRef = BF2B6B822C5AF695001D6464 /* MetalRenderer.cpp */; };
		BF2B6B8B2C5AF695001D6464 /* Transform.cpp in Sources */ = {isa = PBXBuildFile; fileRef = BF2B6B832C5AF695001D6464 /* Transform.cpp */; };
		BF2B6B8D2C5AF695001D6464 /* Camera.cpp in Sources */ = {isa = PBXBuildFile; fileRef = BF2B6B852C5AF695001D6464 /* Camera.cpp */; };
		BF2B6B982C5AF6CE001D6464 /* Compute.cpp in Sources */ = {isa = PBXBuildFile; fileRef = BF2B6B912C5AF6CE001D6464 /* Compute.cpp */; };
		BF2B6B992C5AF6CE001D6464 /* Log.cpp in Sources */ = {isa = PBXBuildFile; fileRef = BF2B6B922C5AF6CE001D6464 /* Log.cpp */; };
		BF2B6B9A2C5AF6CE001D6464 /* FunctionOp.cpp in Sources */ = {isa = PBXBuildFile; fileRef = BF2B6B942C5AF6CE001D6464 /* FunctionOp.cpp */; };
		BF2B6B9B2C5AF6CE001D6464 /* Tensor.cpp in Sources */ = {isa = PBXBuildFile; fileRef = BF2B6B952C5AF6CE001D6464 /* Tensor.cpp */; };
		BF2B6BA42C5AF71D001D6464 /* blas_level1.metal in Sources */ = {isa = PBXBuildFile; fileRef = BF2B6BA12C5AF71D001D6464 /* blas_level1.metal */; };
		BF2B6BA52C5AF71D001D6464 /* blas_level3.metal in Sources */ = {isa = PBXBuildFile; fileRef = BF2B6BA22C5AF71D001D6464 /* blas_level3.metal */; };
		BF2B6BA62C5AF71D001D6464 /* blas_level2.metal in Sources */ = {isa = PBXBuildFile; fileRef = BF2B6BA32C5AF71D001D6464 /* blas_level2.metal */; };
		BF2B6BA92C5AF735001D6464 /* gemm.cpp in Sources */ = {isa = PBXBuildFile; fileRef = BF2B6BA72C5AF735001D6464 /* gemm.cpp */; };
		BF2B6BAC2C5AF749001D6464 /* gemv.cpp in Sources */ = {isa = PBXBuildFile; fileRef = BF2B6BAA2C5AF749001D6464 /* gemv.cpp */; };
		BF2B6BB72C5AF756001D6464 /* axpy.cpp in Sources */ = {isa = PBXBuildFile; fileRef = BF2B6BAF2C5AF756001D6464 /* axpy.cpp */; };
		BF2B6BB82C5AF756001D6464 /* scal.cpp in Sources */ = {isa = PBXBuildFile; fileRef = BF2B6BB12C5AF756001D6464 /* scal.cpp */; };
		BF2B6BB92C5AF756001D6464 /* dot.cpp in Sources */ = {isa = PBXBuildFile; fileRef = BF2B6BB22C5AF756001D6464 /* dot.cpp */; };
		BF2B6BBA2C5AF756001D6464 /* copy.cpp in Sources */ = {isa = PBXBuildFile; fileRef = BF2B6BB42C5AF756001D6464 /* copy.cpp */; };
		BF2B6BBB2C5AF756001D6464 /* swap.cpp in Sources */ = {isa = PBXBuildFile; fileRef = BF2B6BB62C5AF756001D6464 /* swap.cpp */; };
		BF2B6BBD2C5AF8BE001D6464 /* shaders.metal in Sources */ = {isa = PBXBuildFile; fileRef = BF2B6BBC2C5AF8BE001D6464 /* shaders.metal */; };
		BF2B6BD72C5D8AFD001D6464 /* App.cpp in Sources */ = {isa = PBXBuildFile; fileRef = BF2B6BD52C5D8AFD001D6464 /* App.cpp */; };
		BF2B6BE02C5FCC76001D6464 /* AppDelegateWrapper.mm in Sources */ = {isa = PBXBuildFile; fileRef = BF2B6BDF2C5FCC76001D6464 /* AppDelegateWrapper.mm */; };
		BF2B6BE92C5FFB2E001D6464 /* LatticeMesh.cpp in Sources */ = {isa = PBXBuildFile; fileRef = BF2B6BE12C5FFB2E001D6464 /* LatticeMesh.cpp */; };
		BF2B6BEA2C5FFB2E001D6464 /* RodMesh.cpp in Sources */ = {isa = PBXBuildFile; fileRef = BF2B6BE42C5FFB2E001D6464 /* RodMesh.cpp */; };
		BF2B6BEB2C5FFB2E001D6464 /* ObjectData.cpp in Sources */ = {isa = PBXBuildFile; fileRef = BF2B6BE62C5FFB2E001D6464 /* ObjectData.cpp */; };
		BF2B6BEC2C5FFB2E001D6464 /* CubeMesh.cpp in Sources */ = {isa = PBXBuildFile; fileRef = BF2B6BE72C5FFB2E001D6464 /* CubeMesh.cpp */; };
		BF2B6BF02C60074A001D6464 /* Assembly.cpp in Sources */ = {isa = PBXBuildFile; fileRef = BF2B6BEE2C60074A001D6464 /* Assembly.cpp */; };
		BFBBAD5C2C72E0F40059233C /* Springs.cpp in Sources */ = {isa = PBXBuildFile; fileRef = BFBBAD5A2C72E0F40059233C /* Springs.cpp */; };
		BFDDC73C2B7BCA5200F44B87 /* Foundation.framework in Frameworks */ = {isa = PBXBuildFile; fileRef = BFDDC73B2B7BCA5200F44B87 /* Foundation.framework */; };
		BFDDC73E2B7BCA5900F44B87 /* QuartzCore.framework in Frameworks */ = {isa = PBXBuildFile; fileRef = BFDDC73D2B7BCA5900F44B87 /* QuartzCore.framework */; };
		BFDDC7402B7BCA6000F44B87 /* Metal.framework in Frameworks */ = {isa = PBXBuildFile; fileRef = BFDDC73F2B7BCA6000F44B87 /* Metal.framework */; };
		BFE316482C605DBE007242E1 /* LinearSolvers.cpp in Sources */ = {isa = PBXBuildFile; fileRef = BFE316462C605DBE007242E1 /* LinearSolvers.cpp */; };
		BFE3164C2C60649A007242E1 /* Solver.cpp in Sources */ = {isa = PBXBuildFile; fileRef = BFE3164A2C60649A007242E1 /* Solver.cpp */; };
		BFE316522C6920A5007242E1 /* SurfaceMesh.cpp in Sources */ = {isa = PBXBuildFile; fileRef = BFE316502C6920A5007242E1 /* SurfaceMesh.cpp */; };
		BFE316562C69711E007242E1 /* ConstraintData.cpp in Sources */ = {isa = PBXBuildFile; fileRef = BFE316542C69711E007242E1 /* ConstraintData.cpp */; };
/* End PBXBuildFile section */

/* Begin PBXCopyFilesBuildPhase section */
		BFAC74E02B7AF2AF0034E671 /* CopyFiles */ = {
			isa = PBXCopyFilesBuildPhase;
			buildActionMask = 2147483647;
			dstPath = /usr/share/man/man1/;
			dstSubfolderSpec = 0;
			files = (
			);
			runOnlyForDeploymentPostprocessing = 1;
		};
/* End PBXCopyFilesBuildPhase section */

/* Begin PBXFileReference section */
		BF00857D2B9A79FB004AA80E /* LICENSE */ = {isa = PBXFileReference; lastKnownFileType = text; path = LICENSE; sourceTree = "<group>"; };
		BF2B6B702C5091C7001D6464 /* test.cpp */ = {isa = PBXFileReference; fileEncoding = 4; lastKnownFileType = sourcecode.cpp.cpp; path = test.cpp; sourceTree = "<group>"; };
		BF2B6B722C50925A001D6464 /* Cocoa.framework */ = {isa = PBXFileReference; lastKnownFileType = wrapper.framework; name = Cocoa.framework; path = System/Library/Frameworks/Cocoa.framework; sourceTree = SDKROOT; };
		BF2B6B742C50926E001D6464 /* MetalKit.framework */ = {isa = PBXFileReference; lastKnownFileType = wrapper.framework; name = MetalKit.framework; path = System/Library/Frameworks/MetalKit.framework; sourceTree = SDKROOT; };
		BF2B6B782C5092E6001D6464 /* main.mm */ = {isa = PBXFileReference; fileEncoding = 4; lastKnownFileType = sourcecode.cpp.objcpp; path = main.mm; sourceTree = "<group>"; };
		BF2B6B822C5AF695001D6464 /* MetalRenderer.cpp */ = {isa = PBXFileReference; fileEncoding = 4; lastKnownFileType = sourcecode.cpp.cpp; name = MetalRenderer.cpp; path = src/app/view/MetalRenderer.cpp; sourceTree = "<group>"; };
		BF2B6B832C5AF695001D6464 /* Transform.cpp */ = {isa = PBXFileReference; fileEncoding = 4; lastKnownFileType = sourcecode.cpp.cpp; name = Transform.cpp; path = src/app/view/Transform.cpp; sourceTree = "<group>"; };
		BF2B6B852C5AF695001D6464 /* Camera.cpp */ = {isa = PBXFileReference; fileEncoding = 4; lastKnownFileType = sourcecode.cpp.cpp; name = Camera.cpp; path = src/app/view/Camera.cpp; sourceTree = "<group>"; };
		BF2B6B862C5AF695001D6464 /* Camera.hpp */ = {isa = PBXFileReference; fileEncoding = 4; lastKnownFileType = sourcecode.cpp.h; name = Camera.hpp; path = src/app/view/Camera.hpp; sourceTree = "<group>"; };
		BF2B6B882C5AF695001D6464 /* Transform.hpp */ = {isa = PBXFileReference; fileEncoding = 4; lastKnownFileType = sourcecode.cpp.h; name = Transform.hpp; path = src/app/view/Transform.hpp; sourceTree = "<group>"; };
		BF2B6B892C5AF695001D6464 /* MetalRenderer.hpp */ = {isa = PBXFileReference; fileEncoding = 4; lastKnownFileType = sourcecode.cpp.h; name = MetalRenderer.hpp; path = src/app/view/MetalRenderer.hpp; sourceTree = "<group>"; };
		BF2B6B902C5AF6CE001D6464 /* Tensor.hpp */ = {isa = PBXFileReference; fileEncoding = 4; lastKnownFileType = sourcecode.cpp.h; name = Tensor.hpp; path = src/linalg/core/Tensor.hpp; sourceTree = "<group>"; };
		BF2B6B912C5AF6CE001D6464 /* Compute.cpp */ = {isa = PBXFileReference; fileEncoding = 4; lastKnownFileType = sourcecode.cpp.cpp; name = Compute.cpp; path = src/linalg/core/Compute.cpp; sourceTree = "<group>"; };
		BF2B6B922C5AF6CE001D6464 /* Log.cpp */ = {isa = PBXFileReference; fileEncoding = 4; lastKnownFileType = sourcecode.cpp.cpp; name = Log.cpp; path = src/linalg/core/Log.cpp; sourceTree = "<group>"; };
		BF2B6B932C5AF6CE001D6464 /* Log.hpp */ = {isa = PBXFileReference; fileEncoding = 4; lastKnownFileType = sourcecode.cpp.h; name = Log.hpp; path = src/linalg/core/Log.hpp; sourceTree = "<group>"; };
		BF2B6B942C5AF6CE001D6464 /* FunctionOp.cpp */ = {isa = PBXFileReference; fileEncoding = 4; lastKnownFileType = sourcecode.cpp.cpp; name = FunctionOp.cpp; path = src/linalg/core/FunctionOp.cpp; sourceTree = "<group>"; };
		BF2B6B952C5AF6CE001D6464 /* Tensor.cpp */ = {isa = PBXFileReference; fileEncoding = 4; lastKnownFileType = sourcecode.cpp.cpp; name = Tensor.cpp; path = src/linalg/core/Tensor.cpp; sourceTree = "<group>"; };
		BF2B6B962C5AF6CE001D6464 /* Compute.hpp */ = {isa = PBXFileReference; fileEncoding = 4; lastKnownFileType = sourcecode.cpp.h; name = Compute.hpp; path = src/linalg/core/Compute.hpp; sourceTree = "<group>"; };
		BF2B6B972C5AF6CE001D6464 /* FunctionOp.hpp */ = {isa = PBXFileReference; fileEncoding = 4; lastKnownFileType = sourcecode.cpp.h; name = FunctionOp.hpp; path = src/linalg/core/FunctionOp.hpp; sourceTree = "<group>"; };
		BF2B6BA12C5AF71D001D6464 /* blas_level1.metal */ = {isa = PBXFileReference; fileEncoding = 4; lastKnownFileType = sourcecode.metal; name = blas_level1.metal; path = src/linalg/blas/metal/blas_level1.metal; sourceTree = "<group>"; };
		BF2B6BA22C5AF71D001D6464 /* blas_level3.metal */ = {isa = PBXFileReference; fileEncoding = 4; lastKnownFileType = sourcecode.metal; name = blas_level3.metal; path = src/linalg/blas/metal/blas_level3.metal; sourceTree = "<group>"; };
		BF2B6BA32C5AF71D001D6464 /* blas_level2.metal */ = {isa = PBXFileReference; fileEncoding = 4; lastKnownFileType = sourcecode.metal; name = blas_level2.metal; path = src/linalg/blas/metal/blas_level2.metal; sourceTree = "<group>"; };
		BF2B6BA72C5AF735001D6464 /* gemm.cpp */ = {isa = PBXFileReference; fileEncoding = 4; lastKnownFileType = sourcecode.cpp.cpp; name = gemm.cpp; path = src/linalg/blas/level3/gemm.cpp; sourceTree = "<group>"; };
		BF2B6BA82C5AF735001D6464 /* gemm.hpp */ = {isa = PBXFileReference; fileEncoding = 4; lastKnownFileType = sourcecode.cpp.h; name = gemm.hpp; path = src/linalg/blas/level3/gemm.hpp; sourceTree = "<group>"; };
		BF2B6BAA2C5AF749001D6464 /* gemv.cpp */ = {isa = PBXFileReference; fileEncoding = 4; lastKnownFileType = sourcecode.cpp.cpp; name = gemv.cpp; path = src/linalg/blas/level2/gemv.cpp; sourceTree = "<group>"; };
		BF2B6BAB2C5AF749001D6464 /* gemv.hpp */ = {isa = PBXFileReference; fileEncoding = 4; lastKnownFileType = sourcecode.cpp.h; name = gemv.hpp; path = src/linalg/blas/level2/gemv.hpp; sourceTree = "<group>"; };
		BF2B6BAD2C5AF756001D6464 /* scal.hpp */ = {isa = PBXFileReference; fileEncoding = 4; lastKnownFileType = sourcecode.cpp.h; name = scal.hpp; path = src/linalg/blas/level1/scal.hpp; sourceTree = "<group>"; };
		BF2B6BAE2C5AF756001D6464 /* copy.hpp */ = {isa = PBXFileReference; fileEncoding = 4; lastKnownFileType = sourcecode.cpp.h; name = copy.hpp; path = src/linalg/blas/level1/copy.hpp; sourceTree = "<group>"; };
		BF2B6BAF2C5AF756001D6464 /* axpy.cpp */ = {isa = PBXFileReference; fileEncoding = 4; lastKnownFileType = sourcecode.cpp.cpp; name = axpy.cpp; path = src/linalg/blas/level1/axpy.cpp; sourceTree = "<group>"; };
		BF2B6BB02C5AF756001D6464 /* dot.hpp */ = {isa = PBXFileReference; fileEncoding = 4; lastKnownFileType = sourcecode.cpp.h; name = dot.hpp; path = src/linalg/blas/level1/dot.hpp; sourceTree = "<group>"; };
		BF2B6BB12C5AF756001D6464 /* scal.cpp */ = {isa = PBXFileReference; fileEncoding = 4; lastKnownFileType = sourcecode.cpp.cpp; name = scal.cpp; path = src/linalg/blas/level1/scal.cpp; sourceTree = "<group>"; };
		BF2B6BB22C5AF756001D6464 /* dot.cpp */ = {isa = PBXFileReference; fileEncoding = 4; lastKnownFileType = sourcecode.cpp.cpp; name = dot.cpp; path = src/linalg/blas/level1/dot.cpp; sourceTree = "<group>"; };
		BF2B6BB32C5AF756001D6464 /* swap.hpp */ = {isa = PBXFileReference; fileEncoding = 4; lastKnownFileType = sourcecode.cpp.h; name = swap.hpp; path = src/linalg/blas/level1/swap.hpp; sourceTree = "<group>"; };
		BF2B6BB42C5AF756001D6464 /* copy.cpp */ = {isa = PBXFileReference; fileEncoding = 4; lastKnownFileType = sourcecode.cpp.cpp; name = copy.cpp; path = src/linalg/blas/level1/copy.cpp; sourceTree = "<group>"; };
		BF2B6BB52C5AF756001D6464 /* axpy.hpp */ = {isa = PBXFileReference; fileEncoding = 4; lastKnownFileType = sourcecode.cpp.h; name = axpy.hpp; path = src/linalg/blas/level1/axpy.hpp; sourceTree = "<group>"; };
		BF2B6BB62C5AF756001D6464 /* swap.cpp */ = {isa = PBXFileReference; fileEncoding = 4; lastKnownFileType = sourcecode.cpp.cpp; name = swap.cpp; path = src/linalg/blas/level1/swap.cpp; sourceTree = "<group>"; };
		BF2B6BBC2C5AF8BE001D6464 /* shaders.metal */ = {isa = PBXFileReference; lastKnownFileType = sourcecode.metal; name = shaders.metal; path = src/app/view/shaders.metal; sourceTree = "<group>"; };
		BF2B6BD52C5D8AFD001D6464 /* App.cpp */ = {isa = PBXFileReference; lastKnownFileType = sourcecode.cpp.cpp; name = App.cpp; path = src/app/App.cpp; sourceTree = "<group>"; };
		BF2B6BD62C5D8AFD001D6464 /* App.hpp */ = {isa = PBXFileReference; lastKnownFileType = sourcecode.cpp.h; name = App.hpp; path = src/app/App.hpp; sourceTree = "<group>"; };
		BF2B6BDE2C5FC3FF001D6464 /* AppDelegateWrapper.h */ = {isa = PBXFileReference; lastKnownFileType = sourcecode.c.h; name = AppDelegateWrapper.h; path = src/app/AppDelegateWrapper.h; sourceTree = "<group>"; };
		BF2B6BDF2C5FCC76001D6464 /* AppDelegateWrapper.mm */ = {isa = PBXFileReference; fileEncoding = 4; lastKnownFileType = sourcecode.cpp.objcpp; name = AppDelegateWrapper.mm; path = src/app/AppDelegateWrapper.mm; sourceTree = "<group>"; };
		BF2B6BE12C5FFB2E001D6464 /* LatticeMesh.cpp */ = {isa = PBXFileReference; fileEncoding = 4; lastKnownFileType = sourcecode.cpp.cpp; name = LatticeMesh.cpp; path = src/physics/objects/LatticeMesh.cpp; sourceTree = "<group>"; };
		BF2B6BE22C5FFB2E001D6464 /* CubeMesh.hpp */ = {isa = PBXFileReference; fileEncoding = 4; lastKnownFileType = sourcecode.cpp.h; name = CubeMesh.hpp; path = src/physics/objects/CubeMesh.hpp; sourceTree = "<group>"; };
		BF2B6BE32C5FFB2E001D6464 /* LatticeMesh.hpp */ = {isa = PBXFileReference; fileEncoding = 4; lastKnownFileType = sourcecode.cpp.h; name = LatticeMesh.hpp; path = src/physics/objects/LatticeMesh.hpp; sourceTree = "<group>"; };
		BF2B6BE42C5FFB2E001D6464 /* RodMesh.cpp */ = {isa = PBXFileReference; fileEncoding = 4; lastKnownFileType = sourcecode.cpp.cpp; name = RodMesh.cpp; path = src/physics/objects/RodMesh.cpp; sourceTree = "<group>"; };
		BF2B6BE52C5FFB2E001D6464 /* ObjectData.hpp */ = {isa = PBXFileReference; fileEncoding = 4; lastKnownFileType = sourcecode.cpp.h; name = ObjectData.hpp; path = src/physics/objects/ObjectData.hpp; sourceTree = "<group>"; };
		BF2B6BE62C5FFB2E001D6464 /* ObjectData.cpp */ = {isa = PBXFileReference; fileEncoding = 4; lastKnownFileType = sourcecode.cpp.cpp; name = ObjectData.cpp; path = src/physics/objects/ObjectData.cpp; sourceTree = "<group>"; };
		BF2B6BE72C5FFB2E001D6464 /* CubeMesh.cpp */ = {isa = PBXFileReference; fileEncoding = 4; lastKnownFileType = sourcecode.cpp.cpp; name = CubeMesh.cpp; path = src/physics/objects/CubeMesh.cpp; sourceTree = "<group>"; };
		BF2B6BE82C5FFB2E001D6464 /* RodMesh.hpp */ = {isa = PBXFileReference; fileEncoding = 4; lastKnownFileType = sourcecode.cpp.h; name = RodMesh.hpp; path = src/physics/objects/RodMesh.hpp; sourceTree = "<group>"; };
		BF2B6BEE2C60074A001D6464 /* Assembly.cpp */ = {isa = PBXFileReference; lastKnownFileType = sourcecode.cpp.cpp; name = Assembly.cpp; path = src/physics/system/Assembly.cpp; sourceTree = "<group>"; };
		BF2B6BEF2C60074A001D6464 /* Assembly.hpp */ = {isa = PBXFileReference; lastKnownFileType = sourcecode.cpp.h; name = Assembly.hpp; path = src/physics/system/Assembly.hpp; sourceTree = "<group>"; };
		BFAC74E22B7AF2AF0034E671 /* metal_linalg */ = {isa = PBXFileReference; explicitFileType = "compiled.mach-o.executable"; includeInIndex = 0; path = metal_linalg; sourceTree = BUILT_PRODUCTS_DIR; };
		BFAC74ED2B7B06DF0034E671 /* third_party */ = {isa = PBXFileReference; lastKnownFileType = folder; path = third_party; sourceTree = "<group>"; };
		BFBBAD5A2C72E0F40059233C /* Springs.cpp */ = {isa = PBXFileReference; lastKnownFileType = sourcecode.cpp.cpp; name = Springs.cpp; path = src/physics/constraints/Springs.cpp; sourceTree = "<group>"; };
		BFBBAD5B2C72E0F40059233C /* Springs.hpp */ = {isa = PBXFileReference; lastKnownFileType = sourcecode.cpp.h; name = Springs.hpp; path = src/physics/constraints/Springs.hpp; sourceTree = "<group>"; };
		BFDDC73B2B7BCA5200F44B87 /* Foundation.framework */ = {isa = PBXFileReference; lastKnownFileType = wrapper.framework; name = Foundation.framework; path = System/Library/Frameworks/Foundation.framework; sourceTree = SDKROOT; };
		BFDDC73D2B7BCA5900F44B87 /* QuartzCore.framework */ = {isa = PBXFileReference; lastKnownFileType = wrapper.framework; name = QuartzCore.framework; path = System/Library/Frameworks/QuartzCore.framework; sourceTree = SDKROOT; };
		BFDDC73F2B7BCA6000F44B87 /* Metal.framework */ = {isa = PBXFileReference; lastKnownFileType = wrapper.framework; name = Metal.framework; path = System/Library/Frameworks/Metal.framework; sourceTree = SDKROOT; };
		BFE2FDB32C4049EB00388DA9 /* README.md */ = {isa = PBXFileReference; fileEncoding = 4; lastKnownFileType = net.daringfireball.markdown; path = README.md; sourceTree = "<group>"; };
		BFE2FDC92C404F3300388DA9 /* .gitignore */ = {isa = PBXFileReference; lastKnownFileType = text; path = .gitignore; sourceTree = "<group>"; };
		BFE316462C605DBE007242E1 /* LinearSolvers.cpp */ = {isa = PBXFileReference; lastKnownFileType = sourcecode.cpp.cpp; name = LinearSolvers.cpp; path = src/physics/system/LinearSolvers.cpp; sourceTree = "<group>"; };
		BFE316472C605DBE007242E1 /* LinearSolvers.hpp */ = {isa = PBXFileReference; lastKnownFileType = sourcecode.cpp.h; name = LinearSolvers.hpp; path = src/physics/system/LinearSolvers.hpp; sourceTree = "<group>"; };
		BFE3164A2C60649A007242E1 /* Solver.cpp */ = {isa = PBXFileReference; lastKnownFileType = sourcecode.cpp.cpp; name = Solver.cpp; path = src/physics/solver/Solver.cpp; sourceTree = "<group>"; };
		BFE3164B2C60649A007242E1 /* Solver.hpp */ = {isa = PBXFileReference; lastKnownFileType = sourcecode.cpp.h; name = Solver.hpp; path = src/physics/solver/Solver.hpp; sourceTree = "<group>"; };
		BFE316502C6920A5007242E1 /* SurfaceMesh.cpp */ = {isa = PBXFileReference; lastKnownFileType = sourcecode.cpp.cpp; name = SurfaceMesh.cpp; path = src/physics/objects/SurfaceMesh.cpp; sourceTree = "<group>"; };
		BFE316512C6920A5007242E1 /* SurfaceMesh.hpp */ = {isa = PBXFileReference; lastKnownFileType = sourcecode.cpp.h; name = SurfaceMesh.hpp; path = src/physics/objects/SurfaceMesh.hpp; sourceTree = "<group>"; };
		BFE316542C69711E007242E1 /* ConstraintData.cpp */ = {isa = PBXFileReference; lastKnownFileType = sourcecode.cpp.cpp; name = ConstraintData.cpp; path = src/physics/constraints/ConstraintData.cpp; sourceTree = "<group>"; };
		BFE316552C69711E007242E1 /* ConstraintData.hpp */ = {isa = PBXFileReference; lastKnownFileType = sourcecode.cpp.h; name = ConstraintData.hpp; path = src/physics/constraints/ConstraintData.hpp; sourceTree = "<group>"; };
		BFE316572C69A8A1007242E1 /* Common.h */ = {isa = PBXFileReference; lastKnownFileType = sourcecode.c.h; name = Common.h; path = src/physics/Common.h; sourceTree = "<group>"; };
		BFE3165A2C69A9C8007242E1 /* Simulation.md */ = {isa = PBXFileReference; lastKnownFileType = net.daringfireball.markdown; name = Simulation.md; path = notes/Simulation.md; sourceTree = "<group>"; };
/* End PBXFileReference section */

/* Begin PBXFrameworksBuildPhase section */
		BFAC74DF2B7AF2AF0034E671 /* Frameworks */ = {
			isa = PBXFrameworksBuildPhase;
			buildActionMask = 2147483647;
			files = (
				BF2B6B732C50925A001D6464 /* Cocoa.framework in Frameworks */,
				BFDDC7402B7BCA6000F44B87 /* Metal.framework in Frameworks */,
				BFDDC73E2B7BCA5900F44B87 /* QuartzCore.framework in Frameworks */,
				BF2B6B752C50926E001D6464 /* MetalKit.framework in Frameworks */,
				BFDDC73C2B7BCA5200F44B87 /* Foundation.framework in Frameworks */,
			);
			runOnlyForDeploymentPostprocessing = 0;
		};
/* End PBXFrameworksBuildPhase section */

/* Begin PBXGroup section */
		BF2B6B7F2C5AF64D001D6464 /* app */ = {
			isa = PBXGroup;
			children = (
				BF2B6B812C5AF67D001D6464 /* view */,
				BF2B6BD52C5D8AFD001D6464 /* App.cpp */,
				BF2B6BD62C5D8AFD001D6464 /* App.hpp */,
				BF2B6BDF2C5FCC76001D6464 /* AppDelegateWrapper.mm */,
				BF2B6BDE2C5FC3FF001D6464 /* AppDelegateWrapper.h */,
			);
			name = app;
			sourceTree = "<group>";
		};
		BF2B6B802C5AF655001D6464 /* linalg */ = {
			isa = PBXGroup;
			children = (
				BF2B6B8F2C5AF6B8001D6464 /* core */,
				BF2B6B8E2C5AF6AA001D6464 /* blas */,
			);
			name = linalg;
			sourceTree = "<group>";
		};
		BF2B6B812C5AF67D001D6464 /* view */ = {
			isa = PBXGroup;
			children = (
				BF2B6B852C5AF695001D6464 /* Camera.cpp */,
				BF2B6B862C5AF695001D6464 /* Camera.hpp */,
				BF2B6B822C5AF695001D6464 /* MetalRenderer.cpp */,
				BF2B6B892C5AF695001D6464 /* MetalRenderer.hpp */,
				BF2B6B832C5AF695001D6464 /* Transform.cpp */,
				BF2B6B882C5AF695001D6464 /* Transform.hpp */,
				BF2B6BBC2C5AF8BE001D6464 /* shaders.metal */,
			);
			name = view;
			sourceTree = "<group>";
		};
		BF2B6B8E2C5AF6AA001D6464 /* blas */ = {
			isa = PBXGroup;
			children = (
				BF2B6BA02C5AF70D001D6464 /* metal */,
				BF2B6B9E2C5AF6FA001D6464 /* level3 */,
				BF2B6B9D2C5AF6EE001D6464 /* level2 */,
				BF2B6B9C2C5AF6E8001D6464 /* level1 */,
			);
			name = blas;
			sourceTree = "<group>";
		};
		BF2B6B8F2C5AF6B8001D6464 /* core */ = {
			isa = PBXGroup;
			children = (
				BF2B6B912C5AF6CE001D6464 /* Compute.cpp */,
				BF2B6B962C5AF6CE001D6464 /* Compute.hpp */,
				BF2B6B942C5AF6CE001D6464 /* FunctionOp.cpp */,
				BF2B6B972C5AF6CE001D6464 /* FunctionOp.hpp */,
				BF2B6B922C5AF6CE001D6464 /* Log.cpp */,
				BF2B6B932C5AF6CE001D6464 /* Log.hpp */,
				BF2B6B952C5AF6CE001D6464 /* Tensor.cpp */,
				BF2B6B902C5AF6CE001D6464 /* Tensor.hpp */,
			);
			name = core;
			sourceTree = "<group>";
		};
		BF2B6B9C2C5AF6E8001D6464 /* level1 */ = {
			isa = PBXGroup;
			children = (
				BF2B6BAF2C5AF756001D6464 /* axpy.cpp */,
				BF2B6BB52C5AF756001D6464 /* axpy.hpp */,
				BF2B6BB42C5AF756001D6464 /* copy.cpp */,
				BF2B6BAE2C5AF756001D6464 /* copy.hpp */,
				BF2B6BB22C5AF756001D6464 /* dot.cpp */,
				BF2B6BB02C5AF756001D6464 /* dot.hpp */,
				BF2B6BB12C5AF756001D6464 /* scal.cpp */,
				BF2B6BAD2C5AF756001D6464 /* scal.hpp */,
				BF2B6BB62C5AF756001D6464 /* swap.cpp */,
				BF2B6BB32C5AF756001D6464 /* swap.hpp */,
			);
			name = level1;
			sourceTree = "<group>";
		};
		BF2B6B9D2C5AF6EE001D6464 /* level2 */ = {
			isa = PBXGroup;
			children = (
				BF2B6BAA2C5AF749001D6464 /* gemv.cpp */,
				BF2B6BAB2C5AF749001D6464 /* gemv.hpp */,
			);
			name = level2;
			sourceTree = "<group>";
		};
		BF2B6B9E2C5AF6FA001D6464 /* level3 */ = {
			isa = PBXGroup;
			children = (
				BF2B6BA72C5AF735001D6464 /* gemm.cpp */,
				BF2B6BA82C5AF735001D6464 /* gemm.hpp */,
			);
			name = level3;
			sourceTree = "<group>";
		};
		BF2B6BA02C5AF70D001D6464 /* metal */ = {
			isa = PBXGroup;
			children = (
				BF2B6BA12C5AF71D001D6464 /* blas_level1.metal */,
				BF2B6BA32C5AF71D001D6464 /* blas_level2.metal */,
				BF2B6BA22C5AF71D001D6464 /* blas_level3.metal */,
			);
			name = metal;
			sourceTree = "<group>";
		};
		BF2B6BC02C5C657C001D6464 /* physics */ = {
			isa = PBXGroup;
			children = (
				BFE316532C6970F6007242E1 /* constraints */,
				BFE316492C60647C007242E1 /* solver */,
				BF2B6BED2C600706001D6464 /* system */,
				BF2B6BCE2C5D5282001D6464 /* objects */,
				BFE316572C69A8A1007242E1 /* Common.h */,
			);
			name = physics;
			sourceTree = "<group>";
		};
		BF2B6BCE2C5D5282001D6464 /* objects */ = {
			isa = PBXGroup;
			children = (
				BF2B6BE72C5FFB2E001D6464 /* CubeMesh.cpp */,
				BF2B6BE22C5FFB2E001D6464 /* CubeMesh.hpp */,
				BF2B6BE12C5FFB2E001D6464 /* LatticeMesh.cpp */,
				BF2B6BE32C5FFB2E001D6464 /* LatticeMesh.hpp */,
				BF2B6BE62C5FFB2E001D6464 /* ObjectData.cpp */,
				BF2B6BE52C5FFB2E001D6464 /* ObjectData.hpp */,
				BF2B6BE42C5FFB2E001D6464 /* RodMesh.cpp */,
				BF2B6BE82C5FFB2E001D6464 /* RodMesh.hpp */,
				BFE316502C6920A5007242E1 /* SurfaceMesh.cpp */,
				BFE316512C6920A5007242E1 /* SurfaceMesh.hpp */,
			);
			name = objects;
			sourceTree = "<group>";
		};
		BF2B6BED2C600706001D6464 /* system */ = {
			isa = PBXGroup;
			children = (
				BF2B6BEE2C60074A001D6464 /* Assembly.cpp */,
				BF2B6BEF2C60074A001D6464 /* Assembly.hpp */,
				BFE316462C605DBE007242E1 /* LinearSolvers.cpp */,
				BFE316472C605DBE007242E1 /* LinearSolvers.hpp */,
			);
			name = system;
			sourceTree = "<group>";
		};
		BFAC74D92B7AF2AF0034E671 = {
			isa = PBXGroup;
			children = (
				BF2B6B782C5092E6001D6464 /* main.mm */,
				BF2B6B702C5091C7001D6464 /* test.cpp */,
				BFE2FDC92C404F3300388DA9 /* .gitignore */,
				BFE2FDB32C4049EB00388DA9 /* README.md */,
				BF00857D2B9A79FB004AA80E /* LICENSE */,
				BFE2FD792C3C71A500388DA9 /* src */,
				BFE316592C69A982007242E1 /* notes */,
				BFAC74ED2B7B06DF0034E671 /* third_party */,
				BFAC74E32B7AF2AF0034E671 /* Products */,
				BFDDC73A2B7BCA5100F44B87 /* Frameworks */,
			);
			sourceTree = "<group>";
		};
		BFAC74E32B7AF2AF0034E671 /* Products */ = {
			isa = PBXGroup;
			children = (
				BFAC74E22B7AF2AF0034E671 /* metal_linalg */,
			);
			name = Products;
			sourceTree = "<group>";
		};
		BFDDC73A2B7BCA5100F44B87 /* Frameworks */ = {
			isa = PBXGroup;
			children = (
				BF2B6B742C50926E001D6464 /* MetalKit.framework */,
				BF2B6B722C50925A001D6464 /* Cocoa.framework */,
				BFDDC73F2B7BCA6000F44B87 /* Metal.framework */,
				BFDDC73D2B7BCA5900F44B87 /* QuartzCore.framework */,
				BFDDC73B2B7BCA5200F44B87 /* Foundation.framework */,
			);
			name = Frameworks;
			sourceTree = "<group>";
		};
		BFE2FD792C3C71A500388DA9 /* src */ = {
			isa = PBXGroup;
			children = (
				BF2B6BC02C5C657C001D6464 /* physics */,
				BF2B6B802C5AF655001D6464 /* linalg */,
				BF2B6B7F2C5AF64D001D6464 /* app */,
			);
			name = src;
			sourceTree = "<group>";
		};
		BFE316492C60647C007242E1 /* solver */ = {
			isa = PBXGroup;
			children = (
				BFE3164A2C60649A007242E1 /* Solver.cpp */,
				BFE3164B2C60649A007242E1 /* Solver.hpp */,
			);
			name = solver;
			sourceTree = "<group>";
		};
		BFE316532C6970F6007242E1 /* constraints */ = {
			isa = PBXGroup;
			children = (
				BFE316542C69711E007242E1 /* ConstraintData.cpp */,
				BFE316552C69711E007242E1 /* ConstraintData.hpp */,
				BFBBAD5A2C72E0F40059233C /* Springs.cpp */,
				BFBBAD5B2C72E0F40059233C /* Springs.hpp */,
			);
			name = constraints;
			sourceTree = "<group>";
		};
		BFE316592C69A982007242E1 /* notes */ = {
			isa = PBXGroup;
			children = (
				BFE3165A2C69A9C8007242E1 /* Simulation.md */,
			);
			name = notes;
			sourceTree = "<group>";
		};
/* End PBXGroup section */

/* Begin PBXNativeTarget section */
		BFAC74E12B7AF2AF0034E671 /* metal_linalg */ = {
			isa = PBXNativeTarget;
			buildConfigurationList = BFAC74E92B7AF2AF0034E671 /* Build configuration list for PBXNativeTarget "metal_linalg" */;
			buildPhases = (
				BFAC74DE2B7AF2AF0034E671 /* Sources */,
				BFAC74DF2B7AF2AF0034E671 /* Frameworks */,
				BFAC74E02B7AF2AF0034E671 /* CopyFiles */,
			);
			buildRules = (
			);
			dependencies = (
			);
			name = metal_linalg;
			productName = metal_rig;
			productReference = BFAC74E22B7AF2AF0034E671 /* metal_linalg */;
			productType = "com.apple.product-type.tool";
		};
/* End PBXNativeTarget section */

/* Begin PBXProject section */
		BFAC74DA2B7AF2AF0034E671 /* Project object */ = {
			isa = PBXProject;
			attributes = {
				BuildIndependentTargetsInParallel = 1;
				LastUpgradeCheck = 1500;
				TargetAttributes = {
					BFAC74E12B7AF2AF0034E671 = {
						CreatedOnToolsVersion = 15.0.1;
					};
				};
			};
			buildConfigurationList = BFAC74DD2B7AF2AF0034E671 /* Build configuration list for PBXProject "metal_linalg" */;
			compatibilityVersion = "Xcode 14.0";
			developmentRegion = en;
			hasScannedForEncodings = 0;
			knownRegions = (
				en,
				Base,
			);
			mainGroup = BFAC74D92B7AF2AF0034E671;
			productRefGroup = BFAC74E32B7AF2AF0034E671 /* Products */;
			projectDirPath = "";
			projectRoot = "";
			targets = (
				BFAC74E12B7AF2AF0034E671 /* metal_linalg */,
			);
		};
/* End PBXProject section */

/* Begin PBXSourcesBuildPhase section */
		BFAC74DE2B7AF2AF0034E671 /* Sources */ = {
			isa = PBXSourcesBuildPhase;
			buildActionMask = 2147483647;
			files = (
				BF2B6BEB2C5FFB2E001D6464 /* ObjectData.cpp in Sources */,
				BFE316562C69711E007242E1 /* ConstraintData.cpp in Sources */,
				BFBBAD5C2C72E0F40059233C /* Springs.cpp in Sources */,
				BF2B6BF02C60074A001D6464 /* Assembly.cpp in Sources */,
				BF2B6B8A2C5AF695001D6464 /* MetalRenderer.cpp in Sources */,
				BF2B6B792C5092E6001D6464 /* main.mm in Sources */,
				BF2B6BD72C5D8AFD001D6464 /* App.cpp in Sources */,
				BF2B6BE92C5FFB2E001D6464 /* LatticeMesh.cpp in Sources */,
				BF2B6BBD2C5AF8BE001D6464 /* shaders.metal in Sources */,
				BF2B6B9B2C5AF6CE001D6464 /* Tensor.cpp in Sources */,
				BF2B6B992C5AF6CE001D6464 /* Log.cpp in Sources */,
				BF2B6B8B2C5AF695001D6464 /* Transform.cpp in Sources */,
				BFE316522C6920A5007242E1 /* SurfaceMesh.cpp in Sources */,
				BF2B6B982C5AF6CE001D6464 /* Compute.cpp in Sources */,
				BF2B6BE02C5FCC76001D6464 /* AppDelegateWrapper.mm in Sources */,
				BF2B6BB82C5AF756001D6464 /* scal.cpp in Sources */,
				BF2B6BA52C5AF71D001D6464 /* blas_level3.metal in Sources */,
				BFE316482C605DBE007242E1 /* LinearSolvers.cpp in Sources */,
				BF2B6BBB2C5AF756001D6464 /* swap.cpp in Sources */,
				BF2B6BA92C5AF735001D6464 /* gemm.cpp in Sources */,
				BF2B6BEA2C5FFB2E001D6464 /* RodMesh.cpp in Sources */,
				BF2B6BAC2C5AF749001D6464 /* gemv.cpp in Sources */,
				BF2B6BA62C5AF71D001D6464 /* blas_level2.metal in Sources */,
				BF2B6B712C5091C7001D6464 /* test.cpp in Sources */,
				BF2B6BB72C5AF756001D6464 /* axpy.cpp in Sources */,
				BF2B6BBA2C5AF756001D6464 /* copy.cpp in Sources */,
				BFE3164C2C60649A007242E1 /* Solver.cpp in Sources */,
				BF2B6BA42C5AF71D001D6464 /* blas_level1.metal in Sources */,
				BF2B6B8D2C5AF695001D6464 /* Camera.cpp in Sources */,
				BF2B6BB92C5AF756001D6464 /* dot.cpp in Sources */,
				BF2B6B9A2C5AF6CE001D6464 /* FunctionOp.cpp in Sources */,
				BF2B6BEC2C5FFB2E001D6464 /* CubeMesh.cpp in Sources */,
			);
			runOnlyForDeploymentPostprocessing = 0;
		};
/* End PBXSourcesBuildPhase section */

/* Begin XCBuildConfiguration section */
		BFAC74E72B7AF2AF0034E671 /* Debug */ = {
			isa = XCBuildConfiguration;
			buildSettings = {
				ALWAYS_SEARCH_USER_PATHS = NO;
				ASSETCATALOG_COMPILER_GENERATE_SWIFT_ASSET_SYMBOL_EXTENSIONS = YES;
				CLANG_ANALYZER_NONNULL = YES;
				CLANG_ANALYZER_NUMBER_OBJECT_CONVERSION = YES_AGGRESSIVE;
				CLANG_CXX_LANGUAGE_STANDARD = "gnu++20";
				CLANG_ENABLE_MODULES = YES;
				CLANG_ENABLE_OBJC_ARC = YES;
				CLANG_ENABLE_OBJC_WEAK = YES;
				CLANG_WARN_BLOCK_CAPTURE_AUTORELEASING = YES;
				CLANG_WARN_BOOL_CONVERSION = YES;
				CLANG_WARN_COMMA = YES;
				CLANG_WARN_CONSTANT_CONVERSION = YES;
				CLANG_WARN_DEPRECATED_OBJC_IMPLEMENTATIONS = YES;
				CLANG_WARN_DIRECT_OBJC_ISA_USAGE = YES_ERROR;
				CLANG_WARN_DOCUMENTATION_COMMENTS = NO;
				CLANG_WARN_EMPTY_BODY = YES;
				CLANG_WARN_ENUM_CONVERSION = YES;
				CLANG_WARN_INFINITE_RECURSION = YES;
				CLANG_WARN_INT_CONVERSION = YES;
				CLANG_WARN_NON_LITERAL_NULL_CONVERSION = YES;
				CLANG_WARN_OBJC_IMPLICIT_RETAIN_SELF = YES;
				CLANG_WARN_OBJC_LITERAL_CONVERSION = YES;
				CLANG_WARN_OBJC_ROOT_CLASS = YES_ERROR;
				CLANG_WARN_QUOTED_INCLUDE_IN_FRAMEWORK_HEADER = YES;
				CLANG_WARN_RANGE_LOOP_ANALYSIS = YES;
				CLANG_WARN_STRICT_PROTOTYPES = YES;
				CLANG_WARN_SUSPICIOUS_MOVE = YES;
				CLANG_WARN_UNGUARDED_AVAILABILITY = YES_AGGRESSIVE;
				CLANG_WARN_UNREACHABLE_CODE = YES;
				CLANG_WARN__DUPLICATE_METHOD_MATCH = YES;
				COPY_PHASE_STRIP = NO;
				DEBUG_INFORMATION_FORMAT = dwarf;
				ENABLE_STRICT_OBJC_MSGSEND = YES;
				ENABLE_TESTABILITY = YES;
				ENABLE_USER_SCRIPT_SANDBOXING = YES;
				GCC_C_LANGUAGE_STANDARD = gnu17;
				GCC_DYNAMIC_NO_PIC = NO;
				GCC_NO_COMMON_BLOCKS = YES;
				GCC_OPTIMIZATION_LEVEL = 0;
				GCC_PREPROCESSOR_DEFINITIONS = (
					"DEBUG=1",
					"$(inherited)",
				);
				GCC_WARN_64_TO_32_BIT_CONVERSION = YES;
				GCC_WARN_ABOUT_RETURN_TYPE = YES_ERROR;
				GCC_WARN_UNDECLARED_SELECTOR = YES;
				GCC_WARN_UNINITIALIZED_AUTOS = YES_AGGRESSIVE;
				GCC_WARN_UNUSED_FUNCTION = YES;
				GCC_WARN_UNUSED_VARIABLE = YES;
				LOCALIZATION_PREFERS_STRING_CATALOGS = YES;
				MACOSX_DEPLOYMENT_TARGET = 14.0;
				MTL_ENABLE_DEBUG_INFO = INCLUDE_SOURCE;
				MTL_FAST_MATH = YES;
				ONLY_ACTIVE_ARCH = YES;
				PRODUCT_NAME = metal_linalg;
				SDKROOT = macosx;
			};
			name = Debug;
		};
		BFAC74E82B7AF2AF0034E671 /* Release */ = {
			isa = XCBuildConfiguration;
			buildSettings = {
				ALWAYS_SEARCH_USER_PATHS = NO;
				ASSETCATALOG_COMPILER_GENERATE_SWIFT_ASSET_SYMBOL_EXTENSIONS = YES;
				CLANG_ANALYZER_NONNULL = YES;
				CLANG_ANALYZER_NUMBER_OBJECT_CONVERSION = YES_AGGRESSIVE;
				CLANG_CXX_LANGUAGE_STANDARD = "gnu++20";
				CLANG_ENABLE_MODULES = YES;
				CLANG_ENABLE_OBJC_ARC = YES;
				CLANG_ENABLE_OBJC_WEAK = YES;
				CLANG_WARN_BLOCK_CAPTURE_AUTORELEASING = YES;
				CLANG_WARN_BOOL_CONVERSION = YES;
				CLANG_WARN_COMMA = YES;
				CLANG_WARN_CONSTANT_CONVERSION = YES;
				CLANG_WARN_DEPRECATED_OBJC_IMPLEMENTATIONS = YES;
				CLANG_WARN_DIRECT_OBJC_ISA_USAGE = YES_ERROR;
				CLANG_WARN_DOCUMENTATION_COMMENTS = NO;
				CLANG_WARN_EMPTY_BODY = YES;
				CLANG_WARN_ENUM_CONVERSION = YES;
				CLANG_WARN_INFINITE_RECURSION = YES;
				CLANG_WARN_INT_CONVERSION = YES;
				CLANG_WARN_NON_LITERAL_NULL_CONVERSION = YES;
				CLANG_WARN_OBJC_IMPLICIT_RETAIN_SELF = YES;
				CLANG_WARN_OBJC_LITERAL_CONVERSION = YES;
				CLANG_WARN_OBJC_ROOT_CLASS = YES_ERROR;
				CLANG_WARN_QUOTED_INCLUDE_IN_FRAMEWORK_HEADER = YES;
				CLANG_WARN_RANGE_LOOP_ANALYSIS = YES;
				CLANG_WARN_STRICT_PROTOTYPES = YES;
				CLANG_WARN_SUSPICIOUS_MOVE = YES;
				CLANG_WARN_UNGUARDED_AVAILABILITY = YES_AGGRESSIVE;
				CLANG_WARN_UNREACHABLE_CODE = YES;
				CLANG_WARN__DUPLICATE_METHOD_MATCH = YES;
				COPY_PHASE_STRIP = NO;
				DEBUG_INFORMATION_FORMAT = "dwarf-with-dsym";
				ENABLE_NS_ASSERTIONS = NO;
				ENABLE_STRICT_OBJC_MSGSEND = YES;
				ENABLE_USER_SCRIPT_SANDBOXING = YES;
				GCC_C_LANGUAGE_STANDARD = gnu17;
				GCC_NO_COMMON_BLOCKS = YES;
				GCC_WARN_64_TO_32_BIT_CONVERSION = YES;
				GCC_WARN_ABOUT_RETURN_TYPE = YES_ERROR;
				GCC_WARN_UNDECLARED_SELECTOR = YES;
				GCC_WARN_UNINITIALIZED_AUTOS = YES_AGGRESSIVE;
				GCC_WARN_UNUSED_FUNCTION = YES;
				GCC_WARN_UNUSED_VARIABLE = YES;
				LOCALIZATION_PREFERS_STRING_CATALOGS = YES;
				MACOSX_DEPLOYMENT_TARGET = 14.0;
				MTL_ENABLE_DEBUG_INFO = NO;
				MTL_FAST_MATH = YES;
				ONLY_ACTIVE_ARCH = YES;
				PRODUCT_NAME = metal_linalg;
				SDKROOT = macosx;
			};
			name = Release;
		};
		BFAC74EA2B7AF2AF0034E671 /* Debug */ = {
			isa = XCBuildConfiguration;
			buildSettings = {
				CODE_SIGN_STYLE = Automatic;
				"HEADER_SEARCH_PATHS[arch=*]" = (
					"$(PROJECT_DIR)/third_party",
					"$(PROJECT_DIR)/third_party/metal-cpp",
					"$(PROJECT_DIR)/src",
				);
				MACOSX_DEPLOYMENT_TARGET = 14.0;
				PRODUCT_NAME = "$(TARGET_NAME)";
			};
			name = Debug;
		};
		BFAC74EB2B7AF2AF0034E671 /* Release */ = {
			isa = XCBuildConfiguration;
			buildSettings = {
				CODE_SIGN_STYLE = Automatic;
				"HEADER_SEARCH_PATHS[arch=*]" = (
					"$(PROJECT_DIR)/third_party",
					"$(PROJECT_DIR)/third_party/metal-cpp",
					"$(PROJECT_DIR)/src",
				);
				MACOSX_DEPLOYMENT_TARGET = 14.0;
				PRODUCT_NAME = "$(TARGET_NAME)";
			};
			name = Release;
		};
/* End XCBuildConfiguration section */

/* Begin XCConfigurationList section */
		BFAC74DD2B7AF2AF0034E671 /* Build configuration list for PBXProject "metal_linalg" */ = {
			isa = XCConfigurationList;
			buildConfigurations = (
				BFAC74E72B7AF2AF0034E671 /* Debug */,
				BFAC74E82B7AF2AF0034E671 /* Release */,
			);
			defaultConfigurationIsVisible = 0;
			defaultConfigurationName = Release;
		};
		BFAC74E92B7AF2AF0034E671 /* Build configuration list for PBXNativeTarget "metal_linalg" */ = {
			isa = XCConfigurationList;
			buildConfigurations = (
				BFAC74EA2B7AF2AF0034E671 /* Debug */,
				BFAC74EB2B7AF2AF0034E671 /* Release */,
			);
			defaultConfigurationIsVisible = 0;
			defaultConfigurationName = Release;
		};
/* End XCConfigurationList section */
	};
	rootObject = BFAC74DA2B7AF2AF0034E671 /* Project object */;
}
